<?xml version="1.0" encoding="UTF-8" standalone="yes" ?>
<CodeBlocks_project_file>
	<FileVersion major="1" minor="6" />
	<Project>
		<Option title="grbl845-c" />
		<Option execution_dir="../../0.9" />
		<Option pch_mode="2" />
		<Option compiler="avrgcc" />
		<Option show_notes="0">
			<notes>
				<![CDATA[all est la cible pour le Makefile

use avr-gcc into " o:\DevCpp\WinAVR-20100110 "

modified linkeur : 'avr-g++.exe' -> 'avr-gcc.exe']]>
			</notes>
		</Option>
		<MakeCommands>
			<Build command="$make -f $makefile $target" />
			<CompileFile command="$make -f $makefile $file" />
			<Clean command="$make -f $makefile clean" />
			<DistClean command="$make -f $makefile distclean$target" />
			<AskRebuildNeeded command="$make -q -f $makefile $target" />
			<SilentBuild command="$make -f $makefile $target &gt; $(CMD_NULL)" />
		</MakeCommands>
		<Build>
			<Target title="Release">
				<Option output="bin/Release/grbl845.elf" prefix_auto="1" extension_auto="0" />
				<Option working_dir="bin/Release" />
				<Option object_output="obj/Release/" />
				<Option type="1" />
				<Option compiler="avrgcc" />
				<Option use_console_runner="0" />
				<ExtraCommands>
					<Add after="avr-objcopy -O ihex -R .eeprom -R .eesafe $(TARGET_OUTPUT_FILE) $(TARGET_OUTPUT_FILE).hex" />
					<Add after="avr-objcopy --no-change-warnings -j .eeprom --change-section-lma .eeprom=0 -O ihex $(TARGET_OUTPUT_FILE) $(TARGET_OUTPUT_FILE).eep.hex" />
					<Add after="avr-size --mcu=$(MCU) --format=avr $(TARGET_OUTPUT_FILE)" />
				</ExtraCommands>
				<MakeCommands>
					<Build command="" />
					<CompileFile command="" />
					<Clean command="" />
					<DistClean command="" />
					<AskRebuildNeeded command="" />
					<SilentBuild command=" &gt; $(CMD_NULL)" />
				</MakeCommands>
			</Target>
			<Target title="Debug">
				<Option output="bin/Debug/interprete.elf" prefix_auto="1" extension_auto="0" />
				<Option working_dir="bin/Debug" />
				<Option object_output="obj/Debug/" />
				<Option type="1" />
				<Option compiler="avrgcc" />
				<Option use_console_runner="0" />
				<Compiler>
					<Add option="-g" />
				</Compiler>
				<ExtraCommands>
					<Add after="avr-size --mcu=atmega2560 --format=avr $(TARGET_OUTPUT_FILE)" />
					<Add after="avr-objcopy -R .eeprom -R .fuse -R .lock -R .signature -O ihex $(TARGET_OUTPUT_FILE) $(TARGET_OUTPUT_DIR)$(TARGET_OUTPUT_BASENAME).hex" />
					<Add after="avr-objcopy --no-change-warnings -j .eeprom --change-section-lma .eeprom=0 -O ihex $(TARGET_OUTPUT_FILE) $(TARGET_OUTPUT_DIR)$(TARGET_OUTPUT_BASENAME).eep" />
				</ExtraCommands>
			</Target>
			<Target title="info">
				<Option platforms="" />
				<Option type="4" />
				<Option compiler="avrgcc" />
				<Compiler>
					<Add option="-Wall" />
				</Compiler>
				<Environment>
					<Variable name="target" value="all" />
				</Environment>
				<MakeCommands>
					<Build command="$make -f $makefile $target" />
					<CompileFile command="$make -f $makefile $file" />
					<Clean command="$make -f $makefile clean" />
					<DistClean command="$make -f $makefile distclean$target" />
					<AskRebuildNeeded command="$make -q -f $makefile $target" />
					<SilentBuild command="$make -f $makefile $target &gt; $(CMD_NULL)" />
				</MakeCommands>
			</Target>
			<Environment>
				<Variable name="MCU" value="atmega2560" />
				<Variable name="PROGRAMMER_ID" value="wiring" />
				<Variable name="UPLOAD_BAUDRATE" value="115200" />
				<Variable name="UPLOAD_PORT" value="COM10" />
			</Environment>
		</Build>
		<Compiler>
			<Add option="-Os" />
			<Add option="-Wall" />
			<Add option="-mmcu=atmega2560" />
			<Add option="-ffunction-sections" />
			<Add option="-DF_CPU=16000000UL" />
		</Compiler>
		<Linker>
			<Add option="-mmcu=atmega2560" />
			<Add option="-Wl,-gc-sections" />
			<Add library="m" />
		</Linker>
		<Unit filename="infos/commands.txt">
			<Option target="info" />
		</Unit>
		<Unit filename="infos/grbl845-c.his">
			<Option target="info" />
		</Unit>
		<Unit filename="infos/pinmapping.txt">
			<Option target="info" />
			<Option target="Release" />
		</Unit>
		<Unit filename="infos/resources.txt">
			<Option target="Release" />
			<Option target="info" />
		</Unit>
		<Unit filename="infos/structure.txt">
			<Option target="info" />
			<Option target="Release" />
		</Unit>
		<Unit filename="src/Change.log" />
		<Unit filename="src/Makefile" />
		<Unit filename="src/config.h">
			<Option target="Release" />
			<Option target="Debug" />
		</Unit>
		<Unit filename="src/coolant_control.c">
			<Option compilerVar="CC" />
			<Option target="Release" />
			<Option target="Debug" />
		</Unit>
		<Unit filename="src/coolant_control.h">
			<Option target="Release" />
			<Option target="Debug" />
		</Unit>
		<Unit filename="src/defaults.h">
			<Option target="Release" />
			<Option target="Debug" />
		</Unit>
		<Unit filename="src/eeprom.c">
			<Option compilerVar="CC" />
			<Option target="Release" />
			<Option target="Debug" />
		</Unit>
		<Unit filename="src/eeprom.h">
			<Option target="Release" />
			<Option target="Debug" />
		</Unit>
		<Unit filename="src/gcode.c">
			<Option compilerVar="CC" />
			<Option target="Release" />
			<Option target="Debug" />
		</Unit>
		<Unit filename="src/gcode.h">
			<Option target="Release" />
			<Option target="Debug" />
		</Unit>
		<Unit filename="src/limits.c">
			<Option compilerVar="CC" />
			<Option target="Release" />
			<Option target="Debug" />
		</Unit>
		<Unit filename="src/limits.h">
			<Option target="Release" />
			<Option target="Debug" />
		</Unit>
		<Unit filename="src/main.c">
			<Option compilerVar="CC" />
			<Option target="Release" />
			<Option target="Debug" />
		</Unit>
		<Unit filename="src/main.h">
			<Option target="Release" />
			<Option target="Debug" />
		</Unit>
		<Unit filename="src/motion_control.c">
			<Option compilerVar="CC" />
			<Option target="Release" />
			<Option target="Debug" />
		</Unit>
		<Unit filename="src/motion_control.h">
			<Option target="Release" />
			<Option target="Debug" />
		</Unit>
		<Unit filename="src/nuts_bolts.c">
			<Option compilerVar="CC" />
			<Option target="Release" />
			<Option target="Debug" />
		</Unit>
		<Unit filename="src/nuts_bolts.h">
			<Option target="Release" />
			<Option target="Debug" />
		</Unit>
		<Unit filename="src/pin_map.h">
			<Option target="Release" />
			<Option target="Debug" />
		</Unit>
		<Unit filename="src/planner.c">
			<Option compilerVar="CC" />
			<Option target="Release" />
			<Option target="Debug" />
		</Unit>
		<Unit filename="src/planner.h">
			<Option target="Release" />
			<Option target="Debug" />
		</Unit>
		<Unit filename="src/print.c">
			<Option compilerVar="CC" />
			<Option target="Release" />
			<Option target="Debug" />
		</Unit>
		<Unit filename="src/print.h">
			<Option target="Release" />
			<Option target="Debug" />
		</Unit>
		<Unit filename="src/protocol.c">
			<Option compilerVar="CC" />
			<Option target="Release" />
			<Option target="Debug" />
		</Unit>
		<Unit filename="src/protocol.h">
			<Option target="Release" />
			<Option target="Debug" />
		</Unit>
		<Unit filename="src/readme.textile">
			<Option target="Release" />
			<Option target="Debug" />
		</Unit>
		<Unit filename="src/report.c">
			<Option compilerVar="CC" />
			<Option target="Release" />
			<Option target="Debug" />
		</Unit>
		<Unit filename="src/report.h">
			<Option target="Release" />
			<Option target="Debug" />
		</Unit>
		<Unit filename="src/serial.c">
			<Option compilerVar="CC" />
			<Option target="Release" />
			<Option target="Debug" />
		</Unit>
		<Unit filename="src/serial.h">
			<Option target="Release" />
			<Option target="Debug" />
		</Unit>
		<Unit filename="src/settings.c">
			<Option compilerVar="CC" />
			<Option target="Release" />
			<Option target="Debug" />
		</Unit>
		<Unit filename="src/settings.h">
			<Option target="Release" />
			<Option target="Debug" />
		</Unit>
		<Unit filename="src/spindle_control.c">
			<Option compilerVar="CC" />
			<Option target="Release" />
			<Option target="Debug" />
		</Unit>
		<Unit filename="src/spindle_control.h">
			<Option target="Release" />
			<Option target="Debug" />
		</Unit>
		<Unit filename="src/stepper.c">
			<Option compilerVar="CC" />
			<Option target="Release" />
			<Option target="Debug" />
		</Unit>
		<Unit filename="src/stepper.h">
			<Option target="Release" />
			<Option target="Debug" />
		</Unit>
		<Extensions>
			<code_completion />
			<envvars set="default" />
			<debugger />
			<lib_finder disable_auto="1" />
			<DoxyBlocks>
				<comment_style block="0" line="0" />
				<doxyfile_project />
				<doxyfile_build extract_all="1" />
				<doxyfile_warnings />
				<doxyfile_output />
				<doxyfile_dot />
				<general />
			</DoxyBlocks>
		</Extensions>
	</Project>
</CodeBlocks_project_file>
